
Microsoft Visual Studio Solution File, Format Version 11.00
# Visual Studio 2010
# SharpDevelop 5.1
Project("{FAE04EC0-301F-11D3-BF4B-00C04F79EFBC}") = "While #1", "While #1\While #1.csproj", "{737087F2-C111-443F-802F-F3FB17775C28}"
EndProject
Project("{FAE04EC0-301F-11D3-BF4B-00C04F79EFBC}") = "While #2", "While #2\While #2.csproj", "{BA1B1A6B-C317-434A-8A6D-8224A6CA47E3}"
EndProject
Global
	GlobalSection(SolutionConfigurationPlatforms) = preSolution
		Debug|Any CPU = Debug|Any CPU
		Release|Any CPU = Release|Any CPU
	EndGlobalSection
	GlobalSection(ProjectConfigurationPlatforms) = postSolution
		{737087F2-C111-443F-802F-F3FB17775C28}.Debug|Any CPU.ActiveCfg = Debug|Any CPU
		{737087F2-C111-443F-802F-F3FB17775C28}.Debug|Any CPU.Build.0 = Debug|Any CPU
		{737087F2-C111-443F-802F-F3FB17775C28}.Release|Any CPU.ActiveCfg = Release|Any CPU
		{737087F2-C111-443F-802F-F3FB17775C28}.Release|Any CPU.Build.0 = Release|Any CPU
		{BA1B1A6B-C317-434A-8A6D-8224A6CA47E3}.Debug|Any CPU.ActiveCfg = Debug|Any CPU
		{BA1B1A6B-C317-434A-8A6D-8224A6CA47E3}.Debug|Any CPU.Build.0 = Debug|Any CPU
		{BA1B1A6B-C317-434A-8A6D-8224A6CA47E3}.Release|Any CPU.ActiveCfg = Release|Any CPU
		{BA1B1A6B-C317-434A-8A6D-8224A6CA47E3}.Release|Any CPU.Build.0 = Release|Any CPU
	EndGlobalSection
EndGlobal
