
Microsoft Visual Studio Solution File, Format Version 11.00
# Visual Studio 2010
# SharpDevelop 5.1
Project("{FAE04EC0-301F-11D3-BF4B-00C04F79EFBC}") = "Secuencial #1", "Secuencial #1\Secuencial #1.csproj", "{3AAD73CB-EB5E-4296-B7C6-3BE4F9FA9FED}"
EndProject
Project("{FAE04EC0-301F-11D3-BF4B-00C04F79EFBC}") = "Secuencial #2", "Secuencial #2\Secuencial #2.csproj", "{C610A94C-04A6-4BCC-AF46-B57AE30A67F3}"
EndProject
Global
	GlobalSection(SolutionConfigurationPlatforms) = preSolution
		Debug|Any CPU = Debug|Any CPU
		Release|Any CPU = Release|Any CPU
	EndGlobalSection
	GlobalSection(ProjectConfigurationPlatforms) = postSolution
		{3AAD73CB-EB5E-4296-B7C6-3BE4F9FA9FED}.Debug|Any CPU.ActiveCfg = Debug|Any CPU
		{3AAD73CB-EB5E-4296-B7C6-3BE4F9FA9FED}.Debug|Any CPU.Build.0 = Debug|Any CPU
		{3AAD73CB-EB5E-4296-B7C6-3BE4F9FA9FED}.Release|Any CPU.ActiveCfg = Release|Any CPU
		{3AAD73CB-EB5E-4296-B7C6-3BE4F9FA9FED}.Release|Any CPU.Build.0 = Release|Any CPU
		{C610A94C-04A6-4BCC-AF46-B57AE30A67F3}.Debug|Any CPU.ActiveCfg = Debug|Any CPU
		{C610A94C-04A6-4BCC-AF46-B57AE30A67F3}.Debug|Any CPU.Build.0 = Debug|Any CPU
		{C610A94C-04A6-4BCC-AF46-B57AE30A67F3}.Release|Any CPU.ActiveCfg = Release|Any CPU
		{C610A94C-04A6-4BCC-AF46-B57AE30A67F3}.Release|Any CPU.Build.0 = Release|Any CPU
	EndGlobalSection
EndGlobal
